// !$*UTF8*$!
{
	archiveVersion = 1;
	classes = {
	};
	objectVersion = 46;
	objects = {

/* Begin PBXBuildFile section */
		33CA279C1D81F67F00F0DD5E /* AppDelegate.swift in Sources */ = {isa = PBXBuildFile; fileRef = 33CA279B1D81F67F00F0DD5E /* AppDelegate.swift */; };
		33CA279E1D81F67F00F0DD5E /* OrganizationViewController.swift in Sources */ = {isa = PBXBuildFile; fileRef = 33CA279D1D81F67F00F0DD5E /* OrganizationViewController.swift */; };
		33CA27A11D81F67F00F0DD5E /* Main.storyboard in Resources */ = {isa = PBXBuildFile; fileRef = 33CA279F1D81F67F00F0DD5E /* Main.storyboard */; };
		33CA27A31D81F67F00F0DD5E /* Assets.xcassets in Resources */ = {isa = PBXBuildFile; fileRef = 33CA27A21D81F67F00F0DD5E /* Assets.xcassets */; };
		33CA27A61D81F67F00F0DD5E /* LaunchScreen.storyboard in Resources */ = {isa = PBXBuildFile; fileRef = 33CA27A41D81F67F00F0DD5E /* LaunchScreen.storyboard */; };
		33CA27B11D81F68000F0DD5E /* DossiersTests.swift in Sources */ = {isa = PBXBuildFile; fileRef = 33CA27B01D81F68000F0DD5E /* DossiersTests.swift */; };
		33CA27BC1D81F68000F0DD5E /* DossiersUITests.swift in Sources */ = {isa = PBXBuildFile; fileRef = 33CA27BB1D81F68000F0DD5E /* DossiersUITests.swift */; };
		33CA27CA1D81F6D700F0DD5E /* Dossier.swift in Sources */ = {isa = PBXBuildFile; fileRef = 33CA27C91D81F6D700F0DD5E /* Dossier.swift */; };
		33CA27CC1D81F89E00F0DD5E /* Organization.swift in Sources */ = {isa = PBXBuildFile; fileRef = 33CA27CB1D81F89E00F0DD5E /* Organization.swift */; };
		33CA27CE1D81FB5600F0DD5E /* DossierViewController.swift in Sources */ = {isa = PBXBuildFile; fileRef = 33CA27CD1D81FB5600F0DD5E /* DossierViewController.swift */; };
/* End PBXBuildFile section */

/* Begin PBXContainerItemProxy section */
		33CA27AD1D81F68000F0DD5E /* PBXContainerItemProxy */ = {
			isa = PBXContainerItemProxy;
			containerPortal = 33CA27901D81F67F00F0DD5E /* Project object */;
			proxyType = 1;
			remoteGlobalIDString = 33CA27971D81F67F00F0DD5E;
			remoteInfo = Dossiers;
		};
		33CA27B81D81F68000F0DD5E /* PBXContainerItemProxy */ = {
			isa = PBXContainerItemProxy;
			containerPortal = 33CA27901D81F67F00F0DD5E /* Project object */;
			proxyType = 1;
			remoteGlobalIDString = 33CA27971D81F67F00F0DD5E;
			remoteInfo = Dossiers;
		};
/* End PBXContainerItemProxy section */

/* Begin PBXFileReference section */
		33CA27981D81F67F00F0DD5E /* Dossiers.app */ = {isa = PBXFileReference; explicitFileType = wrapper.application; includeInIndex = 0; path = Dossiers.app; sourceTree = BUILT_PRODUCTS_DIR; };
		33CA279B1D81F67F00F0DD5E /* AppDelegate.swift */ = {isa = PBXFileReference; lastKnownFileType = sourcecode.swift; path = AppDelegate.swift; sourceTree = "<group>"; };
		33CA279D1D81F67F00F0DD5E /* OrganizationViewController.swift */ = {isa = PBXFileReference; lastKnownFileType = sourcecode.swift; path = OrganizationViewController.swift; sourceTree = "<group>"; };
		33CA27A01D81F67F00F0DD5E /* Base */ = {isa = PBXFileReference; lastKnownFileType = file.storyboard; name = Base; path = Base.lproj/Main.storyboard; sourceTree = "<group>"; };
		33CA27A21D81F67F00F0DD5E /* Assets.xcassets */ = {isa = PBXFileReference; lastKnownFileType = folder.assetcatalog; path = Assets.xcassets; sourceTree = "<group>"; };
		33CA27A51D81F67F00F0DD5E /* Base */ = {isa = PBXFileReference; lastKnownFileType = file.storyboard; name = Base; path = Base.lproj/LaunchScreen.storyboard; sourceTree = "<group>"; };
		33CA27A71D81F67F00F0DD5E /* Info.plist */ = {isa = PBXFileReference; lastKnownFileType = text.plist.xml; path = Info.plist; sourceTree = "<group>"; };
		33CA27AC1D81F68000F0DD5E /* DossiersTests.xctest */ = {isa = PBXFileReference; explicitFileType = wrapper.cfbundle; includeInIndex = 0; path = DossiersTests.xctest; sourceTree = BUILT_PRODUCTS_DIR; };
		33CA27B01D81F68000F0DD5E /* DossiersTests.swift */ = {isa = PBXFileReference; lastKnownFileType = sourcecode.swift; path = DossiersTests.swift; sourceTree = "<group>"; };
		33CA27B21D81F68000F0DD5E /* Info.plist */ = {isa = PBXFileReference; lastKnownFileType = text.plist.xml; path = Info.plist; sourceTree = "<group>"; };
		33CA27B71D81F68000F0DD5E /* DossiersUITests.xctest */ = {isa = PBXFileReference; explicitFileType = wrapper.cfbundle; includeInIndex = 0; path = DossiersUITests.xctest; sourceTree = BUILT_PRODUCTS_DIR; };
		33CA27BB1D81F68000F0DD5E /* DossiersUITests.swift */ = {isa = PBXFileReference; lastKnownFileType = sourcecode.swift; path = DossiersUITests.swift; sourceTree = "<group>"; };
		33CA27BD1D81F68000F0DD5E /* Info.plist */ = {isa = PBXFileReference; lastKnownFileType = text.plist.xml; path = Info.plist; sourceTree = "<group>"; };
		33CA27C91D81F6D700F0DD5E /* Dossier.swift */ = {isa = PBXFileReference; fileEncoding = 4; lastKnownFileType = sourcecode.swift; path = Dossier.swift; sourceTree = "<group>"; };
		33CA27CB1D81F89E00F0DD5E /* Organization.swift */ = {isa = PBXFileReference; fileEncoding = 4; lastKnownFileType = sourcecode.swift; path = Organization.swift; sourceTree = "<group>"; };
		33CA27CD1D81FB5600F0DD5E /* DossierViewController.swift */ = {isa = PBXFileReference; fileEncoding = 4; lastKnownFileType = sourcecode.swift; path = DossierViewController.swift; sourceTree = "<group>"; };
/* End PBXFileReference section */

/* Begin PBXFrameworksBuildPhase section */
		33CA27951D81F67F00F0DD5E /* Frameworks */ = {
			isa = PBXFrameworksBuildPhase;
			buildActionMask = 2147483647;
			files = (
			);
			runOnlyForDeploymentPostprocessing = 0;
		};
		33CA27A91D81F68000F0DD5E /* Frameworks */ = {
			isa = PBXFrameworksBuildPhase;
			buildActionMask = 2147483647;
			files = (
			);
			runOnlyForDeploymentPostprocessing = 0;
		};
		33CA27B41D81F68000F0DD5E /* Frameworks */ = {
			isa = PBXFrameworksBuildPhase;
			buildActionMask = 2147483647;
			files = (
			);
			runOnlyForDeploymentPostprocessing = 0;
		};
/* End PBXFrameworksBuildPhase section */

/* Begin PBXGroup section */
		33CA278F1D81F67F00F0DD5E = {
			isa = PBXGroup;
			children = (
				33CA279A1D81F67F00F0DD5E /* Dossiers */,
				33CA27AF1D81F68000F0DD5E /* DossiersTests */,
				33CA27BA1D81F68000F0DD5E /* DossiersUITests */,
				33CA27991D81F67F00F0DD5E /* Products */,
			);
			sourceTree = "<group>";
		};
		33CA27991D81F67F00F0DD5E /* Products */ = {
			isa = PBXGroup;
			children = (
				33CA27981D81F67F00F0DD5E /* Dossiers.app */,
				33CA27AC1D81F68000F0DD5E /* DossiersTests.xctest */,
				33CA27B71D81F68000F0DD5E /* DossiersUITests.xctest */,
			);
			name = Products;
			sourceTree = "<group>";
		};
		33CA279A1D81F67F00F0DD5E /* Dossiers */ = {
			isa = PBXGroup;
			children = (
				33CA279B1D81F67F00F0DD5E /* AppDelegate.swift */,
				33CA279D1D81F67F00F0DD5E /* OrganizationViewController.swift */,
				33CA279F1D81F67F00F0DD5E /* Main.storyboard */,
				33CA27A21D81F67F00F0DD5E /* Assets.xcassets */,
				33CA27A41D81F67F00F0DD5E /* LaunchScreen.storyboard */,
				33CA27A71D81F67F00F0DD5E /* Info.plist */,
				33CA27C91D81F6D700F0DD5E /* Dossier.swift */,
				33CA27CB1D81F89E00F0DD5E /* Organization.swift */,
				33CA27CD1D81FB5600F0DD5E /* DossierViewController.swift */,
			);
			path = Dossiers;
			sourceTree = "<group>";
		};
		33CA27AF1D81F68000F0DD5E /* DossiersTests */ = {
			isa = PBXGroup;
			children = (
				33CA27B01D81F68000F0DD5E /* DossiersTests.swift */,
				33CA27B21D81F68000F0DD5E /* Info.plist */,
			);
			path = DossiersTests;
			sourceTree = "<group>";
		};
		33CA27BA1D81F68000F0DD5E /* DossiersUITests */ = {
			isa = PBXGroup;
			children = (
				33CA27BB1D81F68000F0DD5E /* DossiersUITests.swift */,
				33CA27BD1D81F68000F0DD5E /* Info.plist */,
			);
			path = DossiersUITests;
			sourceTree = "<group>";
		};
/* End PBXGroup section */

/* Begin PBXNativeTarget section */
		33CA27971D81F67F00F0DD5E /* Dossiers */ = {
			isa = PBXNativeTarget;
			buildConfigurationList = 33CA27C01D81F68000F0DD5E /* Build configuration list for PBXNativeTarget "Dossiers" */;
			buildPhases = (
				33CA27941D81F67F00F0DD5E /* Sources */,
				33CA27951D81F67F00F0DD5E /* Frameworks */,
				33CA27961D81F67F00F0DD5E /* Resources */,
			);
			buildRules = (
			);
			dependencies = (
			);
			name = Dossiers;
			productName = Dossiers;
			productReference = 33CA27981D81F67F00F0DD5E /* Dossiers.app */;
			productType = "com.apple.product-type.application";
		};
		33CA27AB1D81F68000F0DD5E /* DossiersTests */ = {
			isa = PBXNativeTarget;
			buildConfigurationList = 33CA27C31D81F68000F0DD5E /* Build configuration list for PBXNativeTarget "DossiersTests" */;
			buildPhases = (
				33CA27A81D81F68000F0DD5E /* Sources */,
				33CA27A91D81F68000F0DD5E /* Frameworks */,
				33CA27AA1D81F68000F0DD5E /* Resources */,
			);
			buildRules = (
			);
			dependencies = (
				33CA27AE1D81F68000F0DD5E /* PBXTargetDependency */,
			);
			name = DossiersTests;
			productName = DossiersTests;
			productReference = 33CA27AC1D81F68000F0DD5E /* DossiersTests.xctest */;
			productType = "com.apple.product-type.bundle.unit-test";
		};
		33CA27B61D81F68000F0DD5E /* DossiersUITests */ = {
			isa = PBXNativeTarget;
			buildConfigurationList = 33CA27C61D81F68000F0DD5E /* Build configuration list for PBXNativeTarget "DossiersUITests" */;
			buildPhases = (
				33CA27B31D81F68000F0DD5E /* Sources */,
				33CA27B41D81F68000F0DD5E /* Frameworks */,
				33CA27B51D81F68000F0DD5E /* Resources */,
			);
			buildRules = (
			);
			dependencies = (
				33CA27B91D81F68000F0DD5E /* PBXTargetDependency */,
			);
			name = DossiersUITests;
			productName = DossiersUITests;
			productReference = 33CA27B71D81F68000F0DD5E /* DossiersUITests.xctest */;
			productType = "com.apple.product-type.bundle.ui-testing";
		};
/* End PBXNativeTarget section */

/* Begin PBXProject section */
		33CA27901D81F67F00F0DD5E /* Project object */ = {
			isa = PBXProject;
			attributes = {
				LastSwiftUpdateCheck = 0800;
				LastUpgradeCheck = 0800;
				ORGANIZATIONNAME = "Rodney Sampson II";
				TargetAttributes = {
					33CA27971D81F67F00F0DD5E = {
						CreatedOnToolsVersion = 8.0;
						ProvisioningStyle = Automatic;
					};
					33CA27AB1D81F68000F0DD5E = {
						CreatedOnToolsVersion = 8.0;
						ProvisioningStyle = Automatic;
						TestTargetID = 33CA27971D81F67F00F0DD5E;
					};
					33CA27B61D81F68000F0DD5E = {
						CreatedOnToolsVersion = 8.0;
						ProvisioningStyle = Automatic;
						TestTargetID = 33CA27971D81F67F00F0DD5E;
					};
				};
			};
			buildConfigurationList = 33CA27931D81F67F00F0DD5E /* Build configuration list for PBXProject "Dossiers" */;
			compatibilityVersion = "Xcode 3.2";
			developmentRegion = English;
			hasScannedForEncodings = 0;
			knownRegions = (
				en,
				Base,
			);
			mainGroup = 33CA278F1D81F67F00F0DD5E;
			productRefGroup = 33CA27991D81F67F00F0DD5E /* Products */;
			projectDirPath = "";
			projectRoot = "";
			targets = (
				33CA27971D81F67F00F0DD5E /* Dossiers */,
				33CA27AB1D81F68000F0DD5E /* DossiersTests */,
				33CA27B61D81F68000F0DD5E /* DossiersUITests */,
			);
		};
/* End PBXProject section */

/* Begin PBXResourcesBuildPhase section */
		33CA27961D81F67F00F0DD5E /* Resources */ = {
			isa = PBXResourcesBuildPhase;
			buildActionMask = 2147483647;
			files = (
				33CA27A61D81F67F00F0DD5E /* LaunchScreen.storyboard in Resources */,
				33CA27A31D81F67F00F0DD5E /* Assets.xcassets in Resources */,
				33CA27A11D81F67F00F0DD5E /* Main.storyboard in Resources */,
			);
			runOnlyForDeploymentPostprocessing = 0;
		};
		33CA27AA1D81F68000F0DD5E /* Resources */ = {
			isa = PBXResourcesBuildPhase;
			buildActionMask = 2147483647;
			files = (
			);
			runOnlyForDeploymentPostprocessing = 0;
		};
		33CA27B51D81F68000F0DD5E /* Resources */ = {
			isa = PBXResourcesBuildPhase;
			buildActionMask = 2147483647;
			files = (
			);
			runOnlyForDeploymentPostprocessing = 0;
		};
/* End PBXResourcesBuildPhase section */

/* Begin PBXSourcesBuildPhase section */
		33CA27941D81F67F00F0DD5E /* Sources */ = {
			isa = PBXSourcesBuildPhase;
			buildActionMask = 2147483647;
			files = (
				33CA279E1D81F67F00F0DD5E /* OrganizationViewController.swift in Sources */,
				33CA279C1D81F67F00F0DD5E /* AppDelegate.swift in Sources */,
				33CA27CE1D81FB5600F0DD5E /* DossierViewController.swift in Sources */,
				33CA27CC1D81F89E00F0DD5E /* Organization.swift in Sources */,
				33CA27CA1D81F6D700F0DD5E /* Dossier.swift in Sources */,
			);
			runOnlyForDeploymentPostprocessing = 0;
		};
		33CA27A81D81F68000F0DD5E /* Sources */ = {
			isa = PBXSourcesBuildPhase;
			buildActionMask = 2147483647;
			files = (
				33CA27B11D81F68000F0DD5E /* DossiersTests.swift in Sources */,
			);
			runOnlyForDeploymentPostprocessing = 0;
		};
		33CA27B31D81F68000F0DD5E /* Sources */ = {
			isa = PBXSourcesBuildPhase;
			buildActionMask = 2147483647;
			files = (
				33CA27BC1D81F68000F0DD5E /* DossiersUITests.swift in Sources */,
			);
			runOnlyForDeploymentPostprocessing = 0;
		};
/* End PBXSourcesBuildPhase section */

/* Begin PBXTargetDependency section */
		33CA27AE1D81F68000F0DD5E /* PBXTargetDependency */ = {
			isa = PBXTargetDependency;
			target = 33CA27971D81F67F00F0DD5E /* Dossiers */;
			targetProxy = 33CA27AD1D81F68000F0DD5E /* PBXContainerItemProxy */;
		};
		33CA27B91D81F68000F0DD5E /* PBXTargetDependency */ = {
			isa = PBXTargetDependency;
			target = 33CA27971D81F67F00F0DD5E /* Dossiers */;
			targetProxy = 33CA27B81D81F68000F0DD5E /* PBXContainerItemProxy */;
		};
/* End PBXTargetDependency section */

/* Begin PBXVariantGroup section */
		33CA279F1D81F67F00F0DD5E /* Main.storyboard */ = {
			isa = PBXVariantGroup;
			children = (
				33CA27A01D81F67F00F0DD5E /* Base */,
			);
			name = Main.storyboard;
			sourceTree = "<group>";
		};
		33CA27A41D81F67F00F0DD5E /* LaunchScreen.storyboard */ = {
			isa = PBXVariantGroup;
			children = (
				33CA27A51D81F67F00F0DD5E /* Base */,
			);
			name = LaunchScreen.storyboard;
			sourceTree = "<group>";
		};
/* End PBXVariantGroup section */

/* Begin XCBuildConfiguration section */
		33CA27BE1D81F68000F0DD5E /* Debug */ = {
			isa = XCBuildConfiguration;
			buildSettings = {
				ALWAYS_SEARCH_USER_PATHS = NO;
				CLANG_ANALYZER_NONNULL = YES;
				CLANG_CXX_LANGUAGE_STANDARD = "gnu++0x";
				CLANG_CXX_LIBRARY = "libc++";
				CLANG_ENABLE_MODULES = YES;
				CLANG_ENABLE_OBJC_ARC = YES;
				CLANG_WARN_BOOL_CONVERSION = YES;
				CLANG_WARN_CONSTANT_CONVERSION = YES;
				CLANG_WARN_DIRECT_OBJC_ISA_USAGE = YES_ERROR;
				CLANG_WARN_DOCUMENTATION_COMMENTS = YES;
				CLANG_WARN_EMPTY_BODY = YES;
				CLANG_WARN_ENUM_CONVERSION = YES;
				CLANG_WARN_INFINITE_RECURSION = YES;
				CLANG_WARN_INT_CONVERSION = YES;
				CLANG_WARN_OBJC_ROOT_CLASS = YES_ERROR;
				CLANG_WARN_SUSPICIOUS_MOVES = YES;
				CLANG_WARN_UNREACHABLE_CODE = YES;
				CLANG_WARN__DUPLICATE_METHOD_MATCH = YES;
				"CODE_SIGN_IDENTITY[sdk=iphoneos*]" = "iPhone Developer";
				COPY_PHASE_STRIP = NO;
				DEBUG_INFORMATION_FORMAT = dwarf;
				ENABLE_STRICT_OBJC_MSGSEND = YES;
				ENABLE_TESTABILITY = YES;
				GCC_C_LANGUAGE_STANDARD = gnu99;
				GCC_DYNAMIC_NO_PIC = NO;
				GCC_NO_COMMON_BLOCKS = YES;
				GCC_OPTIMIZATION_LEVEL = 0;
				GCC_PREPROCESSOR_DEFINITIONS = (
					"DEBUG=1",
					"$(inherited)",
				);
				GCC_WARN_64_TO_32_BIT_CONVERSION = YES;
				GCC_WARN_ABOUT_RETURN_TYPE = YES_ERROR;
				GCC_WARN_UNDECLARED_SELECTOR = YES;
				GCC_WARN_UNINITIALIZED_AUTOS = YES_AGGRESSIVE;
				GCC_WARN_UNUSED_FUNCTION = YES;
				GCC_WARN_UNUSED_VARIABLE = YES;
				IPHONEOS_DEPLOYMENT_TARGET = 10.0;
				MTL_ENABLE_DEBUG_INFO = YES;
				ONLY_ACTIVE_ARCH = YES;
				SDKROOT = iphoneos;
				SWIFT_ACTIVE_COMPILATION_CONDITIONS = DEBUG;
				SWIFT_OPTIMIZATION_LEVEL = "-Onone";
			};
			name = Debug;
		};
		33CA27BF1D81F68000F0DD5E /* Release */ = {
			isa = XCBuildConfiguration;
			buildSettings = {
				ALWAYS_SEARCH_USER_PATHS = NO;
				CLANG_ANALYZER_NONNULL = YES;
				CLANG_CXX_LANGUAGE_STANDARD = "gnu++0x";
				CLANG_CXX_LIBRARY = "libc++";
				CLANG_ENABLE_MODULES = YES;
				CLANG_ENABLE_OBJC_ARC = YES;
				CLANG_WARN_BOOL_CONVERSION = YES;
				CLANG_WARN_CONSTANT_CONVERSION = YES;
				CLANG_WARN_DIRECT_OBJC_ISA_USAGE = YES_ERROR;
				CLANG_WARN_DOCUMENTATION_COMMENTS = YES;
				CLANG_WARN_EMPTY_BODY = YES;
				CLANG_WARN_ENUM_CONVERSION = YES;
				CLANG_WARN_INFINITE_RECURSION = YES;
				CLANG_WARN_INT_CONVERSION = YES;
				CLANG_WARN_OBJC_ROOT_CLASS = YES_ERROR;
				CLANG_WARN_SUSPICIOUS_MOVES = YES;
				CLANG_WARN_UNREACHABLE_CODE = YES;
				CLANG_WARN__DUPLICATE_METHOD_MATCH = YES;
				"CODE_SIGN_IDENTITY[sdk=iphoneos*]" = "iPhone Developer";
				COPY_PHASE_STRIP = NO;
				DEBUG_INFORMATION_FORMAT = "dwarf-with-dsym";
				ENABLE_NS_ASSERTIONS = NO;
				ENABLE_STRICT_OBJC_MSGSEND = YES;
				GCC_C_LANGUAGE_STANDARD = gnu99;
				GCC_NO_COMMON_BLOCKS = YES;
				GCC_WARN_64_TO_32_BIT_CONVERSION = YES;
				GCC_WARN_ABOUT_RETURN_TYPE = YES_ERROR;
				GCC_WARN_UNDECLARED_SELECTOR = YES;
				GCC_WARN_UNINITIALIZED_AUTOS = YES_AGGRESSIVE;
				GCC_WARN_UNUSED_FUNCTION = YES;
				GCC_WARN_UNUSED_VARIABLE = YES;
				IPHONEOS_DEPLOYMENT_TARGET = 10.0;
				MTL_ENABLE_DEBUG_INFO = NO;
				SDKROOT = iphoneos;
				SWIFT_OPTIMIZATION_LEVEL = "-Owholemodule";
				VALIDATE_PRODUCT = YES;
			};
			name = Release;
		};
		33CA27C11D81F68000F0DD5E /* Debug */ = {
			isa = XCBuildConfiguration;
			buildSettings = {
				ASSETCATALOG_COMPILER_APPICON_NAME = AppIcon;
				INFOPLIST_FILE = Dossiers/Info.plist;
				LD_RUNPATH_SEARCH_PATHS = "$(inherited) @executable_path/Frameworks";
				PRODUCT_BUNDLE_IDENTIFIER = com.rsampdev.Dossiers;
				PRODUCT_NAME = "$(TARGET_NAME)";
				SWIFT_VERSION = 3.0;
			};
			name = Debug;
		};
		33CA27C21D81F68000F0DD5E /* Release */ = {
			isa = XCBuildConfiguration;
			buildSettings = {
				ASSETCATALOG_COMPILER_APPICON_NAME = AppIcon;
				INFOPLIST_FILE = Dossiers/Info.plist;
				LD_RUNPATH_SEARCH_PATHS = "$(inherited) @executable_path/Frameworks";
				PRODUCT_BUNDLE_IDENTIFIER = com.rsampdev.Dossiers;
				PRODUCT_NAME = "$(TARGET_NAME)";
				SWIFT_VERSION = 3.0;
			};
			name = Release;
		};
		33CA27C41D81F68000F0DD5E /* Debug */ = {
			isa = XCBuildConfiguration;
			buildSettings = {
				ALWAYS_EMBED_SWIFT_STANDARD_LIBRARIES = YES;
				BUNDLE_LOADER = "$(TEST_HOST)";
				INFOPLIST_FILE = DossiersTests/Info.plist;
				LD_RUNPATH_SEARCH_PATHS = "$(inherited) @executable_path/Frameworks @loader_path/Frameworks";
				PRODUCT_BUNDLE_IDENTIFIER = com.rsampdev.DossiersTests;
				PRODUCT_NAME = "$(TARGET_NAME)";
				SWIFT_VERSION = 3.0;
				TEST_HOST = "$(BUILT_PRODUCTS_DIR)/Dossiers.app/Dossiers";
			};
			name = Debug;
		};
		33CA27C51D81F68000F0DD5E /* Release */ = {
			isa = XCBuildConfiguration;
			buildSettings = {
				ALWAYS_EMBED_SWIFT_STANDARD_LIBRARIES = YES;
				BUNDLE_LOADER = "$(TEST_HOST)";
				INFOPLIST_FILE = DossiersTests/Info.plist;
				LD_RUNPATH_SEARCH_PATHS = "$(inherited) @executable_path/Frameworks @loader_path/Frameworks";
				PRODUCT_BUNDLE_IDENTIFIER = com.rsampdev.DossiersTests;
				PRODUCT_NAME = "$(TARGET_NAME)";
				SWIFT_VERSION = 3.0;
				TEST_HOST = "$(BUILT_PRODUCTS_DIR)/Dossiers.app/Dossiers";
			};
			name = Release;
		};
		33CA27C71D81F68000F0DD5E /* Debug */ = {
			isa = XCBuildConfiguration;
			buildSettings = {
				ALWAYS_EMBED_SWIFT_STANDARD_LIBRARIES = YES;
				INFOPLIST_FILE = DossiersUITests/Info.plist;
				LD_RUNPATH_SEARCH_PATHS = "$(inherited) @executable_path/Frameworks @loader_path/Frameworks";
				PRODUCT_BUNDLE_IDENTIFIER = com.rsampdev.DossiersUITests;
				PRODUCT_NAME = "$(TARGET_NAME)";
				SWIFT_VERSION = 3.0;
				TEST_TARGET_NAME = Dossiers;
			};
			name = Debug;
		};
		33CA27C81D81F68000F0DD5E /* Release */ = {
			isa = XCBuildConfiguration;
			buildSettings = {
				ALWAYS_EMBED_SWIFT_STANDARD_LIBRARIES = YES;
				INFOPLIST_FILE = DossiersUITests/Info.plist;
				LD_RUNPATH_SEARCH_PATHS = "$(inherited) @executable_path/Frameworks @loader_path/Frameworks";
				PRODUCT_BUNDLE_IDENTIFIER = com.rsampdev.DossiersUITests;
				PRODUCT_NAME = "$(TARGET_NAME)";
				SWIFT_VERSION = 3.0;
				TEST_TARGET_NAME = Dossiers;
			};
			name = Release;
		};
/* End XCBuildConfiguration section */

/* Begin XCConfigurationList section */
		33CA27931D81F67F00F0DD5E /* Build configuration list for PBXProject "Dossiers" */ = {
			isa = XCConfigurationList;
			buildConfigurations = (
				33CA27BE1D81F68000F0DD5E /* Debug */,
				33CA27BF1D81F68000F0DD5E /* Release */,
			);
			defaultConfigurationIsVisible = 0;
			defaultConfigurationName = Release;
		};
		33CA27C01D81F68000F0DD5E /* Build configuration list for PBXNativeTarget "Dossiers" */ = {
			isa = XCConfigurationList;
			buildConfigurations = (
				33CA27C11D81F68000F0DD5E /* Debug */,
				33CA27C21D81F68000F0DD5E /* Release */,
			);
			defaultConfigurationIsVisible = 0;
			defaultConfigurationName = Release;
		};
		33CA27C31D81F68000F0DD5E /* Build configuration list for PBXNativeTarget "DossiersTests" */ = {
			isa = XCConfigurationList;
			buildConfigurations = (
				33CA27C41D81F68000F0DD5E /* Debug */,
				33CA27C51D81F68000F0DD5E /* Release */,
			);
			defaultConfigurationIsVisible = 0;
			defaultConfigurationName = Release;
		};
		33CA27C61D81F68000F0DD5E /* Build configuration list for PBXNativeTarget "DossiersUITests" */ = {
			isa = XCConfigurationList;
			buildConfigurations = (
				33CA27C71D81F68000F0DD5E /* Debug */,
				33CA27C81D81F68000F0DD5E /* Release */,
			);
			defaultConfigurationIsVisible = 0;
			defaultConfigurationName = Release;
		};
/* End XCConfigurationList section */
	};
	rootObject = 33CA27901D81F67F00F0DD5E /* Project object */;
}
